{
  "name": "elmsandbox",
  "version": "1.0.0",
  "lockfileVersion": 1,
  "requires": true,
  "dependencies": {
    "@github/image-crop-element": {
      "version": "3.0.6",
      "resolved": "https://registry.npmjs.org/@github/image-crop-element/-/image-crop-element-3.0.6.tgz",
      "integrity": "sha512-5djr3TcFt0+TGjJ1eYQsIXbTHyZAEy+TBhHjA3GpgoFHcYq4Hyxem2hVDY35dbk+nENdBYz/wFzgam6ZQOM7/Q=="
    }
  }
}
